// !$*UTF8*$!
{
	archiveVersion = 1;
	classes = {
	};
	objectVersion = 55;
	objects = {

/* Begin PBXBuildFile section */
		2E4EEA1C2A3AC95000541B2E /* ExampleApp.swift in Sources */ = {isa = PBXBuildFile; fileRef = 2E4EEA1B2A3AC95000541B2E /* ExampleApp.swift */; };
		2E4EEA1E2A3AC95000541B2E /* ContentView.swift in Sources */ = {isa = PBXBuildFile; fileRef = 2E4EEA1D2A3AC95000541B2E /* ContentView.swift */; };
		2E4EEA202A3AC95300541B2E /* Assets.xcassets in Resources */ = {isa = PBXBuildFile; fileRef = 2E4EEA1F2A3AC95300541B2E /* Assets.xcassets */; };
		2E4EEA232A3AC95300541B2E /* Preview Assets.xcassets in Resources */ = {isa = PBXBuildFile; fileRef = 2E4EEA222A3AC95300541B2E /* Preview Assets.xcassets */; };
		2E4EEA2D2A3AC95400541B2E /* ExampleTests.swift in Sources */ = {isa = PBXBuildFile; fileRef = 2E4EEA2C2A3AC95400541B2E /* ExampleTests.swift */; };
		2E4EEA372A3AC95400541B2E /* ExampleUITests.swift in Sources */ = {isa = PBXBuildFile; fileRef = 2E4EEA362A3AC95400541B2E /* ExampleUITests.swift */; };
		2E4EEA392A3AC95400541B2E /* ExampleUITestsLaunchTests.swift in Sources */ = {isa = PBXBuildFile; fileRef = 2E4EEA382A3AC95400541B2E /* ExampleUITestsLaunchTests.swift */; };
		2E4EEA472A3AC96800541B2E /* MyFirstSwiftPackage in Frameworks */ = {isa = PBXBuildFile; productRef = 2E4EEA462A3AC96800541B2E /* MyFirstSwiftPackage */; };
		2E4EEA4C2A3ED28A00541B2E /* GridView.swift in Sources */ = {isa = PBXBuildFile; fileRef = 2E4EEA4B2A3ED28A00541B2E /* GridView.swift */; };
/* End PBXBuildFile section */

/* Begin PBXContainerItemProxy section */
		2E4EEA292A3AC95400541B2E /* PBXContainerItemProxy */ = {
			isa = PBXContainerItemProxy;
			containerPortal = 2E4EEA102A3AC95000541B2E /* Project object */;
			proxyType = 1;
			remoteGlobalIDString = 2E4EEA172A3AC95000541B2E;
			remoteInfo = Example;
		};
		2E4EEA332A3AC95400541B2E /* PBXContainerItemProxy */ = {
			isa = PBXContainerItemProxy;
			containerPortal = 2E4EEA102A3AC95000541B2E /* Project object */;
			proxyType = 1;
			remoteGlobalIDString = 2E4EEA172A3AC95000541B2E;
			remoteInfo = Example;
		};
/* End PBXContainerItemProxy section */

/* Begin PBXFileReference section */
		2E4EEA182A3AC95000541B2E /* Example.app */ = {isa = PBXFileReference; explicitFileType = wrapper.application; includeInIndex = 0; path = Example.app; sourceTree = BUILT_PRODUCTS_DIR; };
		2E4EEA1B2A3AC95000541B2E /* ExampleApp.swift */ = {isa = PBXFileReference; lastKnownFileType = sourcecode.swift; path = ExampleApp.swift; sourceTree = "<group>"; };
		2E4EEA1D2A3AC95000541B2E /* ContentView.swift */ = {isa = PBXFileReference; lastKnownFileType = sourcecode.swift; path = ContentView.swift; sourceTree = "<group>"; };
		2E4EEA1F2A3AC95300541B2E /* Assets.xcassets */ = {isa = PBXFileReference; lastKnownFileType = folder.assetcatalog; path = Assets.xcassets; sourceTree = "<group>"; };
		2E4EEA222A3AC95300541B2E /* Preview Assets.xcassets */ = {isa = PBXFileReference; lastKnownFileType = folder.assetcatalog; path = "Preview Assets.xcassets"; sourceTree = "<group>"; };
		2E4EEA282A3AC95400541B2E /* ExampleTests.xctest */ = {isa = PBXFileReference; explicitFileType = wrapper.cfbundle; includeInIndex = 0; path = ExampleTests.xctest; sourceTree = BUILT_PRODUCTS_DIR; };
		2E4EEA2C2A3AC95400541B2E /* ExampleTests.swift */ = {isa = PBXFileReference; lastKnownFileType = sourcecode.swift; path = ExampleTests.swift; sourceTree = "<group>"; };
		2E4EEA322A3AC95400541B2E /* ExampleUITests.xctest */ = {isa = PBXFileReference; explicitFileType = wrapper.cfbundle; includeInIndex = 0; path = ExampleUITests.xctest; sourceTree = BUILT_PRODUCTS_DIR; };
		2E4EEA362A3AC95400541B2E /* ExampleUITests.swift */ = {isa = PBXFileReference; lastKnownFileType = sourcecode.swift; path = ExampleUITests.swift; sourceTree = "<group>"; };
		2E4EEA382A3AC95400541B2E /* ExampleUITestsLaunchTests.swift */ = {isa = PBXFileReference; lastKnownFileType = sourcecode.swift; path = ExampleUITestsLaunchTests.swift; sourceTree = "<group>"; };
		2E4EEA4A2A3ADE4B00541B2E /* Info.plist */ = {isa = PBXFileReference; lastKnownFileType = text.plist; path = Info.plist; sourceTree = "<group>"; };
		2E4EEA4B2A3ED28A00541B2E /* GridView.swift */ = {isa = PBXFileReference; lastKnownFileType = sourcecode.swift; path = GridView.swift; sourceTree = "<group>"; };
/* End PBXFileReference section */

/* Begin PBXFrameworksBuildPhase section */
		2E4EEA152A3AC95000541B2E /* Frameworks */ = {
			isa = PBXFrameworksBuildPhase;
			buildActionMask = 2147483647;
			files = (
				2E4EEA472A3AC96800541B2E /* MyFirstSwiftPackage in Frameworks */,
			);
			runOnlyForDeploymentPostprocessing = 0;
		};
		2E4EEA252A3AC95400541B2E /* Frameworks */ = {
			isa = PBXFrameworksBuildPhase;
			buildActionMask = 2147483647;
			files = (
			);
			runOnlyForDeploymentPostprocessing = 0;
		};
		2E4EEA2F2A3AC95400541B2E /* Frameworks */ = {
			isa = PBXFrameworksBuildPhase;
			buildActionMask = 2147483647;
			files = (
			);
			runOnlyForDeploymentPostprocessing = 0;
		};
/* End PBXFrameworksBuildPhase section */

/* Begin PBXGroup section */
		2E4EEA0F2A3AC95000541B2E = {
			isa = PBXGroup;
			children = (
				2E4EEA1A2A3AC95000541B2E /* Example */,
				2E4EEA2B2A3AC95400541B2E /* ExampleTests */,
				2E4EEA352A3AC95400541B2E /* ExampleUITests */,
				2E4EEA192A3AC95000541B2E /* Products */,
			);
			sourceTree = "<group>";
		};
		2E4EEA192A3AC95000541B2E /* Products */ = {
			isa = PBXGroup;
			children = (
				2E4EEA182A3AC95000541B2E /* Example.app */,
				2E4EEA282A3AC95400541B2E /* ExampleTests.xctest */,
				2E4EEA322A3AC95400541B2E /* ExampleUITests.xctest */,
			);
			name = Products;
			sourceTree = "<group>";
		};
		2E4EEA1A2A3AC95000541B2E /* Example */ = {
			isa = PBXGroup;
			children = (
				2E4EEA4A2A3ADE4B00541B2E /* Info.plist */,
				2E4EEA1B2A3AC95000541B2E /* ExampleApp.swift */,
				2E4EEA1D2A3AC95000541B2E /* ContentView.swift */,
				2E4EEA1F2A3AC95300541B2E /* Assets.xcassets */,
				2E4EEA212A3AC95300541B2E /* Preview Content */,
				2E4EEA4B2A3ED28A00541B2E /* GridView.swift */,
			);
			path = Example;
			sourceTree = "<group>";
		};
		2E4EEA212A3AC95300541B2E /* Preview Content */ = {
			isa = PBXGroup;
			children = (
				2E4EEA222A3AC95300541B2E /* Preview Assets.xcassets */,
			);
			path = "Preview Content";
			sourceTree = "<group>";
		};
		2E4EEA2B2A3AC95400541B2E /* ExampleTests */ = {
			isa = PBXGroup;
			children = (
				2E4EEA2C2A3AC95400541B2E /* ExampleTests.swift */,
			);
			path = ExampleTests;
			sourceTree = "<group>";
		};
		2E4EEA352A3AC95400541B2E /* ExampleUITests */ = {
			isa = PBXGroup;
			children = (
				2E4EEA362A3AC95400541B2E /* ExampleUITests.swift */,
				2E4EEA382A3AC95400541B2E /* ExampleUITestsLaunchTests.swift */,
			);
			path = ExampleUITests;
			sourceTree = "<group>";
		};
/* End PBXGroup section */

/* Begin PBXNativeTarget section */
		2E4EEA172A3AC95000541B2E /* Example */ = {
			isa = PBXNativeTarget;
			buildConfigurationList = 2E4EEA3C2A3AC95400541B2E /* Build configuration list for PBXNativeTarget "Example" */;
			buildPhases = (
				2E4EEA142A3AC95000541B2E /* Sources */,
				2E4EEA152A3AC95000541B2E /* Frameworks */,
				2E4EEA162A3AC95000541B2E /* Resources */,
			);
			buildRules = (
			);
			dependencies = (
			);
			name = Example;
			packageProductDependencies = (
				2E4EEA462A3AC96800541B2E /* MyFirstSwiftPackage */,
			);
			productName = Example;
			productReference = 2E4EEA182A3AC95000541B2E /* Example.app */;
			productType = "com.apple.product-type.application";
		};
		2E4EEA272A3AC95400541B2E /* ExampleTests */ = {
			isa = PBXNativeTarget;
			buildConfigurationList = 2E4EEA3F2A3AC95400541B2E /* Build configuration list for PBXNativeTarget "ExampleTests" */;
			buildPhases = (
				2E4EEA242A3AC95400541B2E /* Sources */,
				2E4EEA252A3AC95400541B2E /* Frameworks */,
				2E4EEA262A3AC95400541B2E /* Resources */,
			);
			buildRules = (
			);
			dependencies = (
				2E4EEA2A2A3AC95400541B2E /* PBXTargetDependency */,
			);
			name = ExampleTests;
			productName = ExampleTests;
			productReference = 2E4EEA282A3AC95400541B2E /* ExampleTests.xctest */;
			productType = "com.apple.product-type.bundle.unit-test";
		};
		2E4EEA312A3AC95400541B2E /* ExampleUITests */ = {
			isa = PBXNativeTarget;
			buildConfigurationList = 2E4EEA422A3AC95400541B2E /* Build configuration list for PBXNativeTarget "ExampleUITests" */;
			buildPhases = (
				2E4EEA2E2A3AC95400541B2E /* Sources */,
				2E4EEA2F2A3AC95400541B2E /* Frameworks */,
				2E4EEA302A3AC95400541B2E /* Resources */,
			);
			buildRules = (
			);
			dependencies = (
				2E4EEA342A3AC95400541B2E /* PBXTargetDependency */,
			);
			name = ExampleUITests;
			productName = ExampleUITests;
			productReference = 2E4EEA322A3AC95400541B2E /* ExampleUITests.xctest */;
			productType = "com.apple.product-type.bundle.ui-testing";
		};
/* End PBXNativeTarget section */

/* Begin PBXProject section */
		2E4EEA102A3AC95000541B2E /* Project object */ = {
			isa = PBXProject;
			attributes = {
				BuildIndependentTargetsInParallel = 1;
				LastSwiftUpdateCheck = 1430;
				LastUpgradeCheck = 1430;
				TargetAttributes = {
					2E4EEA172A3AC95000541B2E = {
						CreatedOnToolsVersion = 14.3;
					};
					2E4EEA272A3AC95400541B2E = {
						CreatedOnToolsVersion = 14.3;
						TestTargetID = 2E4EEA172A3AC95000541B2E;
					};
					2E4EEA312A3AC95400541B2E = {
						CreatedOnToolsVersion = 14.3;
						TestTargetID = 2E4EEA172A3AC95000541B2E;
					};
				};
			};
			buildConfigurationList = 2E4EEA132A3AC95000541B2E /* Build configuration list for PBXProject "Example" */;
			compatibilityVersion = "Xcode 13.0";
			developmentRegion = en;
			hasScannedForEncodings = 0;
			knownRegions = (
				en,
				Base,
			);
			mainGroup = 2E4EEA0F2A3AC95000541B2E;
			packageReferences = (
				2E4EEA452A3AC96800541B2E /* XCRemoteSwiftPackageReference "MyFirstSwiftPackage" */,
			);
			productRefGroup = 2E4EEA192A3AC95000541B2E /* Products */;
			projectDirPath = "";
			projectRoot = "";
			targets = (
				2E4EEA172A3AC95000541B2E /* Example */,
				2E4EEA272A3AC95400541B2E /* ExampleTests */,
				2E4EEA312A3AC95400541B2E /* ExampleUITests */,
			);
		};
/* End PBXProject section */

/* Begin PBXResourcesBuildPhase section */
		2E4EEA162A3AC95000541B2E /* Resources */ = {
			isa = PBXResourcesBuildPhase;
			buildActionMask = 2147483647;
			files = (
				2E4EEA232A3AC95300541B2E /* Preview Assets.xcassets in Resources */,
				2E4EEA202A3AC95300541B2E /* Assets.xcassets in Resources */,
			);
			runOnlyForDeploymentPostprocessing = 0;
		};
		2E4EEA262A3AC95400541B2E /* Resources */ = {
			isa = PBXResourcesBuildPhase;
			buildActionMask = 2147483647;
			files = (
			);
			runOnlyForDeploymentPostprocessing = 0;
		};
		2E4EEA302A3AC95400541B2E /* Resources */ = {
			isa = PBXResourcesBuildPhase;
			buildActionMask = 2147483647;
			files = (
			);
			runOnlyForDeploymentPostprocessing = 0;
		};
/* End PBXResourcesBuildPhase section */

/* Begin PBXSourcesBuildPhase section */
		2E4EEA142A3AC95000541B2E /* Sources */ = {
			isa = PBXSourcesBuildPhase;
			buildActionMask = 2147483647;
			files = (
				2E4EEA1E2A3AC95000541B2E /* ContentView.swift in Sources */,
				2E4EEA4C2A3ED28A00541B2E /* GridView.swift in Sources */,
				2E4EEA1C2A3AC95000541B2E /* ExampleApp.swift in Sources */,
			);
			runOnlyForDeploymentPostprocessing = 0;
		};
		2E4EEA242A3AC95400541B2E /* Sources */ = {
			isa = PBXSourcesBuildPhase;
			buildActionMask = 2147483647;
			files = (
				2E4EEA2D2A3AC95400541B2E /* ExampleTests.swift in Sources */,
			);
			runOnlyForDeploymentPostprocessing = 0;
		};
		2E4EEA2E2A3AC95400541B2E /* Sources */ = {
			isa = PBXSourcesBuildPhase;
			buildActionMask = 2147483647;
			files = (
				2E4EEA372A3AC95400541B2E /* ExampleUITests.swift in Sources */,
				2E4EEA392A3AC95400541B2E /* ExampleUITestsLaunchTests.swift in Sources */,
			);
			runOnlyForDeploymentPostprocessing = 0;
		};
/* End PBXSourcesBuildPhase section */

/* Begin PBXTargetDependency section */
		2E4EEA2A2A3AC95400541B2E /* PBXTargetDependency */ = {
			isa = PBXTargetDependency;
			target = 2E4EEA172A3AC95000541B2E /* Example */;
			targetProxy = 2E4EEA292A3AC95400541B2E /* PBXContainerItemProxy */;
		};
		2E4EEA342A3AC95400541B2E /* PBXTargetDependency */ = {
			isa = PBXTargetDependency;
			target = 2E4EEA172A3AC95000541B2E /* Example */;
			targetProxy = 2E4EEA332A3AC95400541B2E /* PBXContainerItemProxy */;
		};
/* End PBXTargetDependency section */

/* Begin XCBuildConfiguration section */
		2E4EEA3A2A3AC95400541B2E /* Debug */ = {
			isa = XCBuildConfiguration;
			buildSettings = {
				ALWAYS_SEARCH_USER_PATHS = NO;
				CLANG_ANALYZER_NONNULL = YES;
				CLANG_ANALYZER_NUMBER_OBJECT_CONVERSION = YES_AGGRESSIVE;
				CLANG_CXX_LANGUAGE_STANDARD = "gnu++20";
				CLANG_ENABLE_MODULES = YES;
				CLANG_ENABLE_OBJC_ARC = YES;
				CLANG_ENABLE_OBJC_WEAK = YES;
				CLANG_WARN_BLOCK_CAPTURE_AUTORELEASING = YES;
				CLANG_WARN_BOOL_CONVERSION = YES;
				CLANG_WARN_COMMA = YES;
				CLANG_WARN_CONSTANT_CONVERSION = YES;
				CLANG_WARN_DEPRECATED_OBJC_IMPLEMENTATIONS = YES;
				CLANG_WARN_DIRECT_OBJC_ISA_USAGE = YES_ERROR;
				CLANG_WARN_DOCUMENTATION_COMMENTS = YES;
				CLANG_WARN_EMPTY_BODY = YES;
				CLANG_WARN_ENUM_CONVERSION = YES;
				CLANG_WARN_INFINITE_RECURSION = YES;
				CLANG_WARN_INT_CONVERSION = YES;
				CLANG_WARN_NON_LITERAL_NULL_CONVERSION = YES;
				CLANG_WARN_OBJC_IMPLICIT_RETAIN_SELF = YES;
				CLANG_WARN_OBJC_LITERAL_CONVERSION = YES;
				CLANG_WARN_OBJC_ROOT_CLASS = YES_ERROR;
				CLANG_WARN_QUOTED_INCLUDE_IN_FRAMEWORK_HEADER = YES;
				CLANG_WARN_RANGE_LOOP_ANALYSIS = YES;
				CLANG_WARN_STRICT_PROTOTYPES = YES;
				CLANG_WARN_SUSPICIOUS_MOVE = YES;
				CLANG_WARN_UNGUARDED_AVAILABILITY = YES_AGGRESSIVE;
				CLANG_WARN_UNREACHABLE_CODE = YES;
				CLANG_WARN__DUPLICATE_METHOD_MATCH = YES;
				COPY_PHASE_STRIP = NO;
				DEBUG_INFORMATION_FORMAT = dwarf;
				ENABLE_STRICT_OBJC_MSGSEND = YES;
				ENABLE_TESTABILITY = YES;
				GCC_C_LANGUAGE_STANDARD = gnu11;
				GCC_DYNAMIC_NO_PIC = NO;
				GCC_NO_COMMON_BLOCKS = YES;
				GCC_OPTIMIZATION_LEVEL = 0;
				GCC_PREPROCESSOR_DEFINITIONS = (
					"DEBUG=1",
					"$(inherited)",
				);
				GCC_WARN_64_TO_32_BIT_CONVERSION = YES;
				GCC_WARN_ABOUT_RETURN_TYPE = YES_ERROR;
				GCC_WARN_UNDECLARED_SELECTOR = YES;
				GCC_WARN_UNINITIALIZED_AUTOS = YES_AGGRESSIVE;
				GCC_WARN_UNUSED_FUNCTION = YES;
				GCC_WARN_UNUSED_VARIABLE = YES;
				IPHONEOS_DEPLOYMENT_TARGET = 15.0;
				MTL_ENABLE_DEBUG_INFO = INCLUDE_SOURCE;
				MTL_FAST_MATH = YES;
				ONLY_ACTIVE_ARCH = YES;
				SDKROOT = iphoneos;
				SWIFT_ACTIVE_COMPILATION_CONDITIONS = DEBUG;
				SWIFT_OPTIMIZATION_LEVEL = "-Onone";
			};
			name = Debug;
		};
		2E4EEA3B2A3AC95400541B2E /* Release */ = {
			isa = XCBuildConfiguration;
			buildSettings = {
				ALWAYS_SEARCH_USER_PATHS = NO;
				CLANG_ANALYZER_NONNULL = YES;
				CLANG_ANALYZER_NUMBER_OBJECT_CONVERSION = YES_AGGRESSIVE;
				CLANG_CXX_LANGUAGE_STANDARD = "gnu++20";
				CLANG_ENABLE_MODULES = YES;
				CLANG_ENABLE_OBJC_ARC = YES;
				CLANG_ENABLE_OBJC_WEAK = YES;
				CLANG_WARN_BLOCK_CAPTURE_AUTORELEASING = YES;
				CLANG_WARN_BOOL_CONVERSION = YES;
				CLANG_WARN_COMMA = YES;
				CLANG_WARN_CONSTANT_CONVERSION = YES;
				CLANG_WARN_DEPRECATED_OBJC_IMPLEMENTATIONS = YES;
				CLANG_WARN_DIRECT_OBJC_ISA_USAGE = YES_ERROR;
				CLANG_WARN_DOCUMENTATION_COMMENTS = YES;
				CLANG_WARN_EMPTY_BODY = YES;
				CLANG_WARN_ENUM_CONVERSION = YES;
				CLANG_WARN_INFINITE_RECURSION = YES;
				CLANG_WARN_INT_CONVERSION = YES;
				CLANG_WARN_NON_LITERAL_NULL_CONVERSION = YES;
				CLANG_WARN_OBJC_IMPLICIT_RETAIN_SELF = YES;
				CLANG_WARN_OBJC_LITERAL_CONVERSION = YES;
				CLANG_WARN_OBJC_ROOT_CLASS = YES_ERROR;
				CLANG_WARN_QUOTED_INCLUDE_IN_FRAMEWORK_HEADER = YES;
				CLANG_WARN_RANGE_LOOP_ANALYSIS = YES;
				CLANG_WARN_STRICT_PROTOTYPES = YES;
				CLANG_WARN_SUSPICIOUS_MOVE = YES;
				CLANG_WARN_UNGUARDED_AVAILABILITY = YES_AGGRESSIVE;
				CLANG_WARN_UNREACHABLE_CODE = YES;
				CLANG_WARN__DUPLICATE_METHOD_MATCH = YES;
				COPY_PHASE_STRIP = NO;
				DEBUG_INFORMATION_FORMAT = "dwarf-with-dsym";
				ENABLE_NS_ASSERTIONS = NO;
				ENABLE_STRICT_OBJC_MSGSEND = YES;
				GCC_C_LANGUAGE_STANDARD = gnu11;
				GCC_NO_COMMON_BLOCKS = YES;
				GCC_WARN_64_TO_32_BIT_CONVERSION = YES;
				GCC_WARN_ABOUT_RETURN_TYPE = YES_ERROR;
				GCC_WARN_UNDECLARED_SELECTOR = YES;
				GCC_WARN_UNINITIALIZED_AUTOS = YES_AGGRESSIVE;
				GCC_WARN_UNUSED_FUNCTION = YES;
				GCC_WARN_UNUSED_VARIABLE = YES;
				IPHONEOS_DEPLOYMENT_TARGET = 15.0;
				MTL_ENABLE_DEBUG_INFO = NO;
				MTL_FAST_MATH = YES;
				SDKROOT = iphoneos;
				SWIFT_COMPILATION_MODE = wholemodule;
				SWIFT_OPTIMIZATION_LEVEL = "-O";
				VALIDATE_PRODUCT = YES;
			};
			name = Release;
		};
		2E4EEA3D2A3AC95400541B2E /* Debug */ = {
			isa = XCBuildConfiguration;
			buildSettings = {
				ASSETCATALOG_COMPILER_APPICON_NAME = AppIcon;
				ASSETCATALOG_COMPILER_GLOBAL_ACCENT_COLOR_NAME = AccentColor;
				CODE_SIGN_STYLE = Automatic;
				CURRENT_PROJECT_VERSION = 1;
				DEVELOPMENT_ASSET_PATHS = "\"Example/Preview Content\"";
				DEVELOPMENT_TEAM = JFYN956J89;
				ENABLE_PREVIEWS = YES;
				GENERATE_INFOPLIST_FILE = YES;
				INFOPLIST_FILE = Example/Info.plist;
				INFOPLIST_KEY_LSApplicationCategoryType = "";
				INFOPLIST_KEY_UIApplicationSceneManifest_Generation = YES;
				INFOPLIST_KEY_UIApplicationSupportsIndirectInputEvents = YES;
				INFOPLIST_KEY_UILaunchScreen_Generation = YES;
				INFOPLIST_KEY_UISupportedInterfaceOrientations_iPad = "UIInterfaceOrientationPortrait UIInterfaceOrientationPortraitUpsideDown UIInterfaceOrientationLandscapeLeft UIInterfaceOrientationLandscapeRight";
				INFOPLIST_KEY_UISupportedInterfaceOrientations_iPhone = "UIInterfaceOrientationPortrait UIInterfaceOrientationLandscapeLeft UIInterfaceOrientationLandscapeRight";
				IPHONEOS_DEPLOYMENT_TARGET = 15.0;
				LD_RUNPATH_SEARCH_PATHS = (
					"$(inherited)",
					"@executable_path/Frameworks",
				);
				MARKETING_VERSION = 1.0;
				PRODUCT_BUNDLE_IDENTIFIER = alphonsa.Example;
				PRODUCT_NAME = "$(TARGET_NAME)";
				SWIFT_EMIT_LOC_STRINGS = YES;
				SWIFT_VERSION = 5.0;
				TARGETED_DEVICE_FAMILY = "1,2";
			};
			name = Debug;
		};
		2E4EEA3E2A3AC95400541B2E /* Release */ = {
			isa = XCBuildConfiguration;
			buildSettings = {
				ASSETCATALOG_COMPILER_APPICON_NAME = AppIcon;
				ASSETCATALOG_COMPILER_GLOBAL_ACCENT_COLOR_NAME = AccentColor;
				CODE_SIGN_STYLE = Automatic;
				CURRENT_PROJECT_VERSION = 1;
				DEVELOPMENT_ASSET_PATHS = "\"Example/Preview Content\"";
				DEVELOPMENT_TEAM = JFYN956J89;
				ENABLE_PREVIEWS = YES;
				GENERATE_INFOPLIST_FILE = YES;
				INFOPLIST_FILE = Example/Info.plist;
				INFOPLIST_KEY_LSApplicationCategoryType = "";
				INFOPLIST_KEY_UIApplicationSceneManifest_Generation = YES;
				INFOPLIST_KEY_UIApplicationSupportsIndirectInputEvents = YES;
				INFOPLIST_KEY_UILaunchScreen_Generation = YES;
				INFOPLIST_KEY_UISupportedInterfaceOrientations_iPad = "UIInterfaceOrientationPortrait UIInterfaceOrientationPortraitUpsideDown UIInterfaceOrientationLandscapeLeft UIInterfaceOrientationLandscapeRight";
				INFOPLIST_KEY_UISupportedInterfaceOrientations_iPhone = "UIInterfaceOrientationPortrait UIInterfaceOrientationLandscapeLeft UIInterfaceOrientationLandscapeRight";
				IPHONEOS_DEPLOYMENT_TARGET = 15.0;
				LD_RUNPATH_SEARCH_PATHS = (
					"$(inherited)",
					"@executable_path/Frameworks",
				);
				MARKETING_VERSION = 1.0;
				PRODUCT_BUNDLE_IDENTIFIER = alphonsa.Example;
				PRODUCT_NAME = "$(TARGET_NAME)";
				SWIFT_EMIT_LOC_STRINGS = YES;
				SWIFT_VERSION = 5.0;
				TARGETED_DEVICE_FAMILY = "1,2";
			};
			name = Release;
		};
		2E4EEA402A3AC95400541B2E /* Debug */ = {
			isa = XCBuildConfiguration;
			buildSettings = {
				ALWAYS_EMBED_SWIFT_STANDARD_LIBRARIES = YES;
				BUNDLE_LOADER = "$(TEST_HOST)";
				CODE_SIGN_STYLE = Automatic;
				CURRENT_PROJECT_VERSION = 1;
				DEVELOPMENT_TEAM = JFYN956J89;
				GENERATE_INFOPLIST_FILE = YES;
				IPHONEOS_DEPLOYMENT_TARGET = 16.4;
				MARKETING_VERSION = 1.0;
				PRODUCT_BUNDLE_IDENTIFIER = alphonsa.ExampleTests;
				PRODUCT_NAME = "$(TARGET_NAME)";
				SWIFT_EMIT_LOC_STRINGS = NO;
				SWIFT_VERSION = 5.0;
				TARGETED_DEVICE_FAMILY = "1,2";
				TEST_HOST = "$(BUILT_PRODUCTS_DIR)/Example.app/$(BUNDLE_EXECUTABLE_FOLDER_PATH)/Example";
			};
			name = Debug;
		};
		2E4EEA412A3AC95400541B2E /* Release */ = {
			isa = XCBuildConfiguration;
			buildSettings = {
				ALWAYS_EMBED_SWIFT_STANDARD_LIBRARIES = YES;
				BUNDLE_LOADER = "$(TEST_HOST)";
				CODE_SIGN_STYLE = Automatic;
				CURRENT_PROJECT_VERSION = 1;
				DEVELOPMENT_TEAM = JFYN956J89;
				GENERATE_INFOPLIST_FILE = YES;
				IPHONEOS_DEPLOYMENT_TARGET = 16.4;
				MARKETING_VERSION = 1.0;
				PRODUCT_BUNDLE_IDENTIFIER = alphonsa.ExampleTests;
				PRODUCT_NAME = "$(TARGET_NAME)";
				SWIFT_EMIT_LOC_STRINGS = NO;
				SWIFT_VERSION = 5.0;
				TARGETED_DEVICE_FAMILY = "1,2";
				TEST_HOST = "$(BUILT_PRODUCTS_DIR)/Example.app/$(BUNDLE_EXECUTABLE_FOLDER_PATH)/Example";
			};
			name = Release;
		};
		2E4EEA432A3AC95400541B2E /* Debug */ = {
			isa = XCBuildConfiguration;
			buildSettings = {
				ALWAYS_EMBED_SWIFT_STANDARD_LIBRARIES = YES;
				CODE_SIGN_STYLE = Automatic;
				CURRENT_PROJECT_VERSION = 1;
				DEVELOPMENT_TEAM = JFYN956J89;
				GENERATE_INFOPLIST_FILE = YES;
				MARKETING_VERSION = 1.0;
				PRODUCT_BUNDLE_IDENTIFIER = alphonsa.ExampleUITests;
				PRODUCT_NAME = "$(TARGET_NAME)";
				SWIFT_EMIT_LOC_STRINGS = NO;
				SWIFT_VERSION = 5.0;
				TARGETED_DEVICE_FAMILY = "1,2";
				TEST_TARGET_NAME = Example;
			};
			name = Debug;
		};
		2E4EEA442A3AC95400541B2E /* Release */ = {
			isa = XCBuildConfiguration;
			buildSettings = {
				ALWAYS_EMBED_SWIFT_STANDARD_LIBRARIES = YES;
				CODE_SIGN_STYLE = Automatic;
				CURRENT_PROJECT_VERSION = 1;
				DEVELOPMENT_TEAM = JFYN956J89;
				GENERATE_INFOPLIST_FILE = YES;
				MARKETING_VERSION = 1.0;
				PRODUCT_BUNDLE_IDENTIFIER = alphonsa.ExampleUITests;
				PRODUCT_NAME = "$(TARGET_NAME)";
				SWIFT_EMIT_LOC_STRINGS = NO;
				SWIFT_VERSION = 5.0;
				TARGETED_DEVICE_FAMILY = "1,2";
				TEST_TARGET_NAME = Example;
			};
			name = Release;
		};
/* End XCBuildConfiguration section */

/* Begin XCConfigurationList section */
		2E4EEA132A3AC95000541B2E /* Build configuration list for PBXProject "Example" */ = {
			isa = XCConfigurationList;
			buildConfigurations = (
				2E4EEA3A2A3AC95400541B2E /* Debug */,
				2E4EEA3B2A3AC95400541B2E /* Release */,
			);
			defaultConfigurationIsVisible = 0;
			defaultConfigurationName = Release;
		};
		2E4EEA3C2A3AC95400541B2E /* Build configuration list for PBXNativeTarget "Example" */ = {
			isa = XCConfigurationList;
			buildConfigurations = (
				2E4EEA3D2A3AC95400541B2E /* Debug */,
				2E4EEA3E2A3AC95400541B2E /* Release */,
			);
			defaultConfigurationIsVisible = 0;
			defaultConfigurationName = Release;
		};
		2E4EEA3F2A3AC95400541B2E /* Build configuration list for PBXNativeTarget "ExampleTests" */ = {
			isa = XCConfigurationList;
			buildConfigurations = (
				2E4EEA402A3AC95400541B2E /* Debug */,
				2E4EEA412A3AC95400541B2E /* Release */,
			);
			defaultConfigurationIsVisible = 0;
			defaultConfigurationName = Release;
		};
		2E4EEA422A3AC95400541B2E /* Build configuration list for PBXNativeTarget "ExampleUITests" */ = {
			isa = XCConfigurationList;
			buildConfigurations = (
				2E4EEA432A3AC95400541B2E /* Debug */,
				2E4EEA442A3AC95400541B2E /* Release */,
			);
			defaultConfigurationIsVisible = 0;
			defaultConfigurationName = Release;
		};
/* End XCConfigurationList section */

/* Begin XCRemoteSwiftPackageReference section */
		2E4EEA452A3AC96800541B2E /* XCRemoteSwiftPackageReference "MyFirstSwiftPackage" */ = {
			isa = XCRemoteSwiftPackageReference;
			repositoryURL = "https://github.com/alphonsa22/MyFirstSwiftPackage";
			requirement = {
				branch = main;
				kind = branch;
			};
		};
/* End XCRemoteSwiftPackageReference section */

/* Begin XCSwiftPackageProductDependency section */
		2E4EEA462A3AC96800541B2E /* MyFirstSwiftPackage */ = {
			isa = XCSwiftPackageProductDependency;
			package = 2E4EEA452A3AC96800541B2E /* XCRemoteSwiftPackageReference "MyFirstSwiftPackage" */;
			productName = MyFirstSwiftPackage;
		};
/* End XCSwiftPackageProductDependency section */
	};
	rootObject = 2E4EEA102A3AC95000541B2E /* Project object */;
}
