{
  "pins" : [
    {
      "identity" : "alamofire",
      "kind" : "remoteSourceControl",
      "location" : "https://github.com/Alamofire/Alamofire.git",
      "state" : {
        "revision" : "bc268c28fb170f494de9e9927c371b8342979ece",
        "version" : "5.7.1"
      }
    },
    {
      "identity" : "myfirstswiftpackage",
      "kind" : "remoteSourceControl",
      "location" : "https://github.com/alphonsa22/MyFirstSwiftPackage",
      "state" : {
        "branch" : "main",
        "revision" : "0aaf767f2924e8e8909fe930ddce2f7e06dc7102"
      }
    }
  ],
  "version" : 2
}
