{
  "pins" : [
    {
      "identity" : "alamofire",
      "kind" : "remoteSourceControl",
      "location" : "https://github.com/Alamofire/Alamofire.git",
      "state" : {
        "revision" : "bc268c28fb170f494de9e9927c371b8342979ece",
        "version" : "5.7.1"
      }
    },
    {
      "identity" : "myfirstswiftpackage",
      "kind" : "remoteSourceControl",
      "location" : "https://github.com/alphonsa22/MyFirstSwiftPackage",
      "state" : {
        "branch" : "main",
        "revision" : "489236f9d375c206ca0d2b6ba1f2283f95e8bdf8"
      }
    }
  ],
  "version" : 2
}
